// !$*UTF8*$!
{
	archiveVersion = 1;
	classes = {
	};
	objectVersion = 46;
	objects = {

/* Begin PBXBuildFile section */
		3326F64C1BB0C19800578DEB /* Flash-On-50-white.png in Resources */ = {isa = PBXBuildFile; fileRef = 3326F64B1BB0C19800578DEB /* Flash-On-50-white.png */; settings = {ASSET_TAGS = (); }; };
		335477311BB21DB8000FABCE /* NSUserDefaults+Session.m in Sources */ = {isa = PBXBuildFile; fileRef = 335477301BB21DB8000FABCE /* NSUserDefaults+Session.m */; settings = {ASSET_TAGS = (); }; };
		335477341BB23CB1000FABCE /* RegistrationViewController.m in Sources */ = {isa = PBXBuildFile; fileRef = 335477331BB23CB1000FABCE /* RegistrationViewController.m */; settings = {ASSET_TAGS = (); }; };
		3354773A1BB2AB55000FABCE /* SlideLeftCustomSegue.m in Sources */ = {isa = PBXBuildFile; fileRef = 335477391BB2AB55000FABCE /* SlideLeftCustomSegue.m */; settings = {ASSET_TAGS = (); }; };
		3354773C1BB2AB80000FABCE /* QuartzCore.framework in Frameworks */ = {isa = PBXBuildFile; fileRef = 3354773B1BB2AB80000FABCE /* QuartzCore.framework */; };
		33987D931BAF63DD00D728C2 /* main.m in Sources */ = {isa = PBXBuildFile; fileRef = 33987D921BAF63DD00D728C2 /* main.m */; };
		33987D961BAF63DD00D728C2 /* AppDelegate.m in Sources */ = {isa = PBXBuildFile; fileRef = 33987D951BAF63DD00D728C2 /* AppDelegate.m */; };
		33987D991BAF63DD00D728C2 /* ViewController.m in Sources */ = {isa = PBXBuildFile; fileRef = 33987D981BAF63DD00D728C2 /* ViewController.m */; };
		33987D9C1BAF63DD00D728C2 /* Main.storyboard in Resources */ = {isa = PBXBuildFile; fileRef = 33987D9A1BAF63DD00D728C2 /* Main.storyboard */; };
		33987D9F1BAF63DD00D728C2 /* imgnow_ios.xcdatamodeld in Sources */ = {isa = PBXBuildFile; fileRef = 33987D9D1BAF63DD00D728C2 /* imgnow_ios.xcdatamodeld */; };
		33987DA11BAF63DD00D728C2 /* Assets.xcassets in Resources */ = {isa = PBXBuildFile; fileRef = 33987DA01BAF63DD00D728C2 /* Assets.xcassets */; };
		33987DA41BAF63DD00D728C2 /* LaunchScreen.storyboard in Resources */ = {isa = PBXBuildFile; fileRef = 33987DA21BAF63DD00D728C2 /* LaunchScreen.storyboard */; };
		33987DAF1BAF63DD00D728C2 /* imgnow_iosTests.m in Sources */ = {isa = PBXBuildFile; fileRef = 33987DAE1BAF63DD00D728C2 /* imgnow_iosTests.m */; };
		33987DBA1BAF63DD00D728C2 /* imgnow_iosUITests.m in Sources */ = {isa = PBXBuildFile; fileRef = 33987DB91BAF63DD00D728C2 /* imgnow_iosUITests.m */; };
		33CA7D621BB170AE007B175C /* login-button.jpg in Resources */ = {isa = PBXBuildFile; fileRef = 33CA7D611BB170AE007B175C /* login-button.jpg */; settings = {ASSET_TAGS = (); }; };
		33CA7D641BB17ED0007B175C /* api-routes.plist in Resources */ = {isa = PBXBuildFile; fileRef = 33CA7D631BB17ED0007B175C /* api-routes.plist */; settings = {ASSET_TAGS = (); }; };
		33E9155E1BAFAB7700A44BE1 /* Arrow-50.png in Resources */ = {isa = PBXBuildFile; fileRef = 33E915421BAFAB7700A44BE1 /* Arrow-50.png */; settings = {ASSET_TAGS = (); }; };
		33E9155F1BAFAB7700A44BE1 /* Back-50.png in Resources */ = {isa = PBXBuildFile; fileRef = 33E915431BAFAB7700A44BE1 /* Back-50.png */; settings = {ASSET_TAGS = (); }; };
		33E915601BAFAB7700A44BE1 /* Camera-50.png in Resources */ = {isa = PBXBuildFile; fileRef = 33E915441BAFAB7700A44BE1 /* Camera-50.png */; settings = {ASSET_TAGS = (); }; };
		33E915611BAFAB7700A44BE1 /* Checkmark-100.png in Resources */ = {isa = PBXBuildFile; fileRef = 33E915451BAFAB7700A44BE1 /* Checkmark-100.png */; settings = {ASSET_TAGS = (); }; };
		33E915621BAFAB7700A44BE1 /* Delete Filled-50.png in Resources */ = {isa = PBXBuildFile; fileRef = 33E915461BAFAB7700A44BE1 /* Delete Filled-50.png */; settings = {ASSET_TAGS = (); }; };
		33E915631BAFAB7700A44BE1 /* Delete-50 (1).png in Resources */ = {isa = PBXBuildFile; fileRef = 33E915471BAFAB7700A44BE1 /* Delete-50 (1).png */; settings = {ASSET_TAGS = (); }; };
		33E915641BAFAB7700A44BE1 /* Delete-50 (2).png in Resources */ = {isa = PBXBuildFile; fileRef = 33E915481BAFAB7700A44BE1 /* Delete-50 (2).png */; settings = {ASSET_TAGS = (); }; };
		33E915651BAFAB7700A44BE1 /* Delete-50.png in Resources */ = {isa = PBXBuildFile; fileRef = 33E915491BAFAB7700A44BE1 /* Delete-50.png */; settings = {ASSET_TAGS = (); }; };
		33E915661BAFAB7700A44BE1 /* Download Filled-50.png in Resources */ = {isa = PBXBuildFile; fileRef = 33E9154A1BAFAB7700A44BE1 /* Download Filled-50.png */; settings = {ASSET_TAGS = (); }; };
		33E915671BAFAB7700A44BE1 /* Download-50.png in Resources */ = {isa = PBXBuildFile; fileRef = 33E9154B1BAFAB7700A44BE1 /* Download-50.png */; settings = {ASSET_TAGS = (); }; };
		33E915681BAFAB7700A44BE1 /* Download-100.png in Resources */ = {isa = PBXBuildFile; fileRef = 33E9154C1BAFAB7700A44BE1 /* Download-100.png */; settings = {ASSET_TAGS = (); }; };
		33E915691BAFAB7700A44BE1 /* Flash Off Filled-50.png in Resources */ = {isa = PBXBuildFile; fileRef = 33E9154D1BAFAB7700A44BE1 /* Flash Off Filled-50.png */; settings = {ASSET_TAGS = (); }; };
		33E9156A1BAFAB7700A44BE1 /* Flash Off-50 (1).png in Resources */ = {isa = PBXBuildFile; fileRef = 33E9154E1BAFAB7700A44BE1 /* Flash Off-50 (1).png */; settings = {ASSET_TAGS = (); }; };
		33E9156B1BAFAB7700A44BE1 /* Flash Off-50.png in Resources */ = {isa = PBXBuildFile; fileRef = 33E9154F1BAFAB7700A44BE1 /* Flash Off-50.png */; settings = {ASSET_TAGS = (); }; };
		33E9156C1BAFAB7700A44BE1 /* Flash On Filled-50.png in Resources */ = {isa = PBXBuildFile; fileRef = 33E915501BAFAB7700A44BE1 /* Flash On Filled-50.png */; settings = {ASSET_TAGS = (); }; };
		33E9156D1BAFAB7700A44BE1 /* Flash On-50.png in Resources */ = {isa = PBXBuildFile; fileRef = 33E915511BAFAB7700A44BE1 /* Flash On-50.png */; settings = {ASSET_TAGS = (); }; };
		33E9156E1BAFAB7700A44BE1 /* Menu Filled-50 (1).png in Resources */ = {isa = PBXBuildFile; fileRef = 33E915521BAFAB7700A44BE1 /* Menu Filled-50 (1).png */; settings = {ASSET_TAGS = (); }; };
		33E9156F1BAFAB7700A44BE1 /* Menu Filled-50.png in Resources */ = {isa = PBXBuildFile; fileRef = 33E915531BAFAB7700A44BE1 /* Menu Filled-50.png */; settings = {ASSET_TAGS = (); }; };
		33E915701BAFAB7700A44BE1 /* Menu-50 (1).png in Resources */ = {isa = PBXBuildFile; fileRef = 33E915541BAFAB7700A44BE1 /* Menu-50 (1).png */; settings = {ASSET_TAGS = (); }; };
		33E915711BAFAB7700A44BE1 /* Menu-50.png in Resources */ = {isa = PBXBuildFile; fileRef = 33E915551BAFAB7700A44BE1 /* Menu-50.png */; settings = {ASSET_TAGS = (); }; };
		33E915721BAFAB7700A44BE1 /* More Than Filled-100.png in Resources */ = {isa = PBXBuildFile; fileRef = 33E915561BAFAB7700A44BE1 /* More Than Filled-100.png */; settings = {ASSET_TAGS = (); }; };
		33E915731BAFAB7700A44BE1 /* Rotate Camera-50 (1).png in Resources */ = {isa = PBXBuildFile; fileRef = 33E915571BAFAB7700A44BE1 /* Rotate Camera-50 (1).png */; settings = {ASSET_TAGS = (); }; };
		33E915741BAFAB7700A44BE1 /* Rotate Camera-50.png in Resources */ = {isa = PBXBuildFile; fileRef = 33E915581BAFAB7700A44BE1 /* Rotate Camera-50.png */; settings = {ASSET_TAGS = (); }; };
		33E915751BAFAB7700A44BE1 /* Settings-100.png in Resources */ = {isa = PBXBuildFile; fileRef = 33E915591BAFAB7700A44BE1 /* Settings-100.png */; settings = {ASSET_TAGS = (); }; };
		33E915761BAFAB7700A44BE1 /* Switch Camera-50.png in Resources */ = {isa = PBXBuildFile; fileRef = 33E9155A1BAFAB7700A44BE1 /* Switch Camera-50.png */; settings = {ASSET_TAGS = (); }; };
		33E915771BAFAB7700A44BE1 /* Upload-50.png in Resources */ = {isa = PBXBuildFile; fileRef = 33E9155B1BAFAB7700A44BE1 /* Upload-50.png */; settings = {ASSET_TAGS = (); }; };
		33E915781BAFAB7700A44BE1 /* Upload-100.png in Resources */ = {isa = PBXBuildFile; fileRef = 33E9155C1BAFAB7700A44BE1 /* Upload-100.png */; settings = {ASSET_TAGS = (); }; };
		33E915791BAFAB7700A44BE1 /* Xlarge Icons-50.png in Resources */ = {isa = PBXBuildFile; fileRef = 33E9155D1BAFAB7700A44BE1 /* Xlarge Icons-50.png */; settings = {ASSET_TAGS = (); }; };
		33E9157D1BAFABA500A44BE1 /* button.png in Resources */ = {isa = PBXBuildFile; fileRef = 33E9157C1BAFABA500A44BE1 /* button.png */; settings = {ASSET_TAGS = (); }; };
		33E9157F1BAFAF0E00A44BE1 /* AVFoundation.framework in Frameworks */ = {isa = PBXBuildFile; fileRef = 33E9157E1BAFAF0E00A44BE1 /* AVFoundation.framework */; };
		33E915821BAFDBEB00A44BE1 /* ImageTopViewController.m in Sources */ = {isa = PBXBuildFile; fileRef = 33E915811BAFDBEB00A44BE1 /* ImageTopViewController.m */; settings = {ASSET_TAGS = (); }; };
		33E915871BAFE0DC00A44BE1 /* Back-25.png in Resources */ = {isa = PBXBuildFile; fileRef = 33E915831BAFE0DC00A44BE1 /* Back-25.png */; settings = {ASSET_TAGS = (); }; };
		33E915881BAFE0DC00A44BE1 /* Back-32.png in Resources */ = {isa = PBXBuildFile; fileRef = 33E915841BAFE0DC00A44BE1 /* Back-32.png */; settings = {ASSET_TAGS = (); }; };
		33E915891BAFE0DC00A44BE1 /* Settings-25.png in Resources */ = {isa = PBXBuildFile; fileRef = 33E915851BAFE0DC00A44BE1 /* Settings-25.png */; settings = {ASSET_TAGS = (); }; };
		33E9158A1BAFE0DC00A44BE1 /* Settings-32.png in Resources */ = {isa = PBXBuildFile; fileRef = 33E915861BAFE0DC00A44BE1 /* Settings-32.png */; settings = {ASSET_TAGS = (); }; };
		33E9158D1BAFEC6500A44BE1 /* Download-25.png in Resources */ = {isa = PBXBuildFile; fileRef = 33E9158B1BAFEC6500A44BE1 /* Download-25.png */; settings = {ASSET_TAGS = (); }; };
		33E9158E1BAFEC6500A44BE1 /* Download-32.png in Resources */ = {isa = PBXBuildFile; fileRef = 33E9158C1BAFEC6500A44BE1 /* Download-32.png */; settings = {ASSET_TAGS = (); }; };
		33E915921BAFEEBC00A44BE1 /* delete.png in Resources */ = {isa = PBXBuildFile; fileRef = 33E9158F1BAFEEBC00A44BE1 /* delete.png */; settings = {ASSET_TAGS = (); }; };
		33E915931BAFEEBC00A44BE1 /* email.png in Resources */ = {isa = PBXBuildFile; fileRef = 33E915901BAFEEBC00A44BE1 /* email.png */; settings = {ASSET_TAGS = (); }; };
		33E915941BAFEEBC00A44BE1 /* extend.png in Resources */ = {isa = PBXBuildFile; fileRef = 33E915911BAFEEBC00A44BE1 /* extend.png */; settings = {ASSET_TAGS = (); }; };
		33E915971BAFF04900A44BE1 /* ImageDetailViewController.m in Sources */ = {isa = PBXBuildFile; fileRef = 33E915961BAFF04900A44BE1 /* ImageDetailViewController.m */; settings = {ASSET_TAGS = (); }; };
		33E915991BB0029600A44BE1 /* travel-0050.jpg in Resources */ = {isa = PBXBuildFile; fileRef = 33E915981BB0029600A44BE1 /* travel-0050.jpg */; settings = {ASSET_TAGS = (); }; };
		33E9159C1BB016AB00A44BE1 /* SettingsViewController.m in Sources */ = {isa = PBXBuildFile; fileRef = 33E9159B1BB016AB00A44BE1 /* SettingsViewController.m */; settings = {ASSET_TAGS = (); }; };
		33E9159F1BB01BD100A44BE1 /* SettingsTableViewController.m in Sources */ = {isa = PBXBuildFile; fileRef = 33E9159E1BB01BD100A44BE1 /* SettingsTableViewController.m */; settings = {ASSET_TAGS = (); }; };
		33E915A11BB02B8900A44BE1 /* generate-img.png in Resources */ = {isa = PBXBuildFile; fileRef = 33E915A01BB02B8900A44BE1 /* generate-img.png */; settings = {ASSET_TAGS = (); }; };
		33E915A31BB02D9C00A44BE1 /* blur-bg-portrait.jpg in Resources */ = {isa = PBXBuildFile; fileRef = 33E915A21BB02D9C00A44BE1 /* blur-bg-portrait.jpg */; settings = {ASSET_TAGS = (); }; };
		33E915A61BB02EB700A44BE1 /* LoginViewController.m in Sources */ = {isa = PBXBuildFile; fileRef = 33E915A51BB02EB700A44BE1 /* LoginViewController.m */; settings = {ASSET_TAGS = (); }; };
/* End PBXBuildFile section */

/* Begin PBXContainerItemProxy section */
		33987DAB1BAF63DD00D728C2 /* PBXContainerItemProxy */ = {
			isa = PBXContainerItemProxy;
			containerPortal = 33987D861BAF63DD00D728C2 /* Project object */;
			proxyType = 1;
			remoteGlobalIDString = 33987D8D1BAF63DD00D728C2;
			remoteInfo = "imgnow-ios";
		};
		33987DB61BAF63DD00D728C2 /* PBXContainerItemProxy */ = {
			isa = PBXContainerItemProxy;
			containerPortal = 33987D861BAF63DD00D728C2 /* Project object */;
			proxyType = 1;
			remoteGlobalIDString = 33987D8D1BAF63DD00D728C2;
			remoteInfo = "imgnow-ios";
		};
/* End PBXContainerItemProxy section */

/* Begin PBXFileReference section */
		3326F64B1BB0C19800578DEB /* Flash-On-50-white.png */ = {isa = PBXFileReference; lastKnownFileType = image.png; path = "Flash-On-50-white.png"; sourceTree = "<group>"; };
		3354772F1BB21DB8000FABCE /* NSUserDefaults+Session.h */ = {isa = PBXFileReference; fileEncoding = 4; lastKnownFileType = sourcecode.c.h; path = "NSUserDefaults+Session.h"; sourceTree = "<group>"; };
		335477301BB21DB8000FABCE /* NSUserDefaults+Session.m */ = {isa = PBXFileReference; fileEncoding = 4; lastKnownFileType = sourcecode.c.objc; path = "NSUserDefaults+Session.m"; sourceTree = "<group>"; };
		335477321BB23CB1000FABCE /* RegistrationViewController.h */ = {isa = PBXFileReference; fileEncoding = 4; lastKnownFileType = sourcecode.c.h; path = RegistrationViewController.h; sourceTree = "<group>"; };
		335477331BB23CB1000FABCE /* RegistrationViewController.m */ = {isa = PBXFileReference; fileEncoding = 4; lastKnownFileType = sourcecode.c.objc; path = RegistrationViewController.m; sourceTree = "<group>"; };
		335477381BB2AB55000FABCE /* SlideLeftCustomSegue.h */ = {isa = PBXFileReference; fileEncoding = 4; lastKnownFileType = sourcecode.c.h; path = SlideLeftCustomSegue.h; sourceTree = "<group>"; };
		335477391BB2AB55000FABCE /* SlideLeftCustomSegue.m */ = {isa = PBXFileReference; fileEncoding = 4; lastKnownFileType = sourcecode.c.objc; path = SlideLeftCustomSegue.m; sourceTree = "<group>"; };
		3354773B1BB2AB80000FABCE /* QuartzCore.framework */ = {isa = PBXFileReference; lastKnownFileType = wrapper.framework; name = QuartzCore.framework; path = System/Library/Frameworks/QuartzCore.framework; sourceTree = SDKROOT; };
		33987D8E1BAF63DD00D728C2 /* imgnow-ios.app */ = {isa = PBXFileReference; explicitFileType = wrapper.application; includeInIndex = 0; path = "imgnow-ios.app"; sourceTree = BUILT_PRODUCTS_DIR; };
		33987D921BAF63DD00D728C2 /* main.m */ = {isa = PBXFileReference; lastKnownFileType = sourcecode.c.objc; path = main.m; sourceTree = "<group>"; };
		33987D941BAF63DD00D728C2 /* AppDelegate.h */ = {isa = PBXFileReference; lastKnownFileType = sourcecode.c.h; path = AppDelegate.h; sourceTree = "<group>"; };
		33987D951BAF63DD00D728C2 /* AppDelegate.m */ = {isa = PBXFileReference; lastKnownFileType = sourcecode.c.objc; path = AppDelegate.m; sourceTree = "<group>"; };
		33987D971BAF63DD00D728C2 /* ViewController.h */ = {isa = PBXFileReference; lastKnownFileType = sourcecode.c.h; path = ViewController.h; sourceTree = "<group>"; };
		33987D981BAF63DD00D728C2 /* ViewController.m */ = {isa = PBXFileReference; lastKnownFileType = sourcecode.c.objc; path = ViewController.m; sourceTree = "<group>"; };
		33987D9B1BAF63DD00D728C2 /* Base */ = {isa = PBXFileReference; lastKnownFileType = file.storyboard; name = Base; path = Base.lproj/Main.storyboard; sourceTree = "<group>"; };
		33987D9E1BAF63DD00D728C2 /* imgnow_ios.xcdatamodel */ = {isa = PBXFileReference; lastKnownFileType = wrapper.xcdatamodel; path = imgnow_ios.xcdatamodel; sourceTree = "<group>"; };
		33987DA01BAF63DD00D728C2 /* Assets.xcassets */ = {isa = PBXFileReference; lastKnownFileType = folder.assetcatalog; path = Assets.xcassets; sourceTree = "<group>"; };
		33987DA31BAF63DD00D728C2 /* Base */ = {isa = PBXFileReference; lastKnownFileType = file.storyboard; name = Base; path = Base.lproj/LaunchScreen.storyboard; sourceTree = "<group>"; };
		33987DA51BAF63DD00D728C2 /* Info.plist */ = {isa = PBXFileReference; lastKnownFileType = text.plist.xml; path = Info.plist; sourceTree = "<group>"; };
		33987DAA1BAF63DD00D728C2 /* imgnow-iosTests.xctest */ = {isa = PBXFileReference; explicitFileType = wrapper.cfbundle; includeInIndex = 0; path = "imgnow-iosTests.xctest"; sourceTree = BUILT_PRODUCTS_DIR; };
		33987DAE1BAF63DD00D728C2 /* imgnow_iosTests.m */ = {isa = PBXFileReference; lastKnownFileType = sourcecode.c.objc; path = imgnow_iosTests.m; sourceTree = "<group>"; };
		33987DB01BAF63DD00D728C2 /* Info.plist */ = {isa = PBXFileReference; lastKnownFileType = text.plist.xml; path = Info.plist; sourceTree = "<group>"; };
		33987DB51BAF63DD00D728C2 /* imgnow-iosUITests.xctest */ = {isa = PBXFileReference; explicitFileType = wrapper.cfbundle; includeInIndex = 0; path = "imgnow-iosUITests.xctest"; sourceTree = BUILT_PRODUCTS_DIR; };
		33987DB91BAF63DD00D728C2 /* imgnow_iosUITests.m */ = {isa = PBXFileReference; lastKnownFileType = sourcecode.c.objc; path = imgnow_iosUITests.m; sourceTree = "<group>"; };
		33987DBB1BAF63DD00D728C2 /* Info.plist */ = {isa = PBXFileReference; lastKnownFileType = text.plist.xml; path = Info.plist; sourceTree = "<group>"; };
		33CA7D611BB170AE007B175C /* login-button.jpg */ = {isa = PBXFileReference; lastKnownFileType = image.jpeg; path = "login-button.jpg"; sourceTree = "<group>"; };
		33CA7D631BB17ED0007B175C /* api-routes.plist */ = {isa = PBXFileReference; fileEncoding = 4; lastKnownFileType = text.plist.xml; path = "api-routes.plist"; sourceTree = "<group>"; };
		33E915421BAFAB7700A44BE1 /* Arrow-50.png */ = {isa = PBXFileReference; lastKnownFileType = image.png; path = "Arrow-50.png"; sourceTree = "<group>"; };
		33E915431BAFAB7700A44BE1 /* Back-50.png */ = {isa = PBXFileReference; lastKnownFileType = image.png; path = "Back-50.png"; sourceTree = "<group>"; };
		33E915441BAFAB7700A44BE1 /* Camera-50.png */ = {isa = PBXFileReference; lastKnownFileType = image.png; path = "Camera-50.png"; sourceTree = "<group>"; };
		33E915451BAFAB7700A44BE1 /* Checkmark-100.png */ = {isa = PBXFileReference; lastKnownFileType = image.png; path = "Checkmark-100.png"; sourceTree = "<group>"; };
		33E915461BAFAB7700A44BE1 /* Delete Filled-50.png */ = {isa = PBXFileReference; lastKnownFileType = image.png; path = "Delete Filled-50.png"; sourceTree = "<group>"; };
		33E915471BAFAB7700A44BE1 /* Delete-50 (1).png */ = {isa = PBXFileReference; lastKnownFileType = image.png; path = "Delete-50 (1).png"; sourceTree = "<group>"; };
		33E915481BAFAB7700A44BE1 /* Delete-50 (2).png */ = {isa = PBXFileReference; lastKnownFileType = image.png; path = "Delete-50 (2).png"; sourceTree = "<group>"; };
		33E915491BAFAB7700A44BE1 /* Delete-50.png */ = {isa = PBXFileReference; lastKnownFileType = image.png; path = "Delete-50.png"; sourceTree = "<group>"; };
		33E9154A1BAFAB7700A44BE1 /* Download Filled-50.png */ = {isa = PBXFileReference; lastKnownFileType = image.png; path = "Download Filled-50.png"; sourceTree = "<group>"; };
		33E9154B1BAFAB7700A44BE1 /* Download-50.png */ = {isa = PBXFileReference; lastKnownFileType = image.png; path = "Download-50.png"; sourceTree = "<group>"; };
		33E9154C1BAFAB7700A44BE1 /* Download-100.png */ = {isa = PBXFileReference; lastKnownFileType = image.png; path = "Download-100.png"; sourceTree = "<group>"; };
		33E9154D1BAFAB7700A44BE1 /* Flash Off Filled-50.png */ = {isa = PBXFileReference; lastKnownFileType = image.png; path = "Flash Off Filled-50.png"; sourceTree = "<group>"; };
		33E9154E1BAFAB7700A44BE1 /* Flash Off-50 (1).png */ = {isa = PBXFileReference; lastKnownFileType = image.png; path = "Flash Off-50 (1).png"; sourceTree = "<group>"; };
		33E9154F1BAFAB7700A44BE1 /* Flash Off-50.png */ = {isa = PBXFileReference; lastKnownFileType = image.png; path = "Flash Off-50.png"; sourceTree = "<group>"; };
		33E915501BAFAB7700A44BE1 /* Flash On Filled-50.png */ = {isa = PBXFileReference; lastKnownFileType = image.png; path = "Flash On Filled-50.png"; sourceTree = "<group>"; };
		33E915511BAFAB7700A44BE1 /* Flash On-50.png */ = {isa = PBXFileReference; lastKnownFileType = image.png; path = "Flash On-50.png"; sourceTree = "<group>"; };
		33E915521BAFAB7700A44BE1 /* Menu Filled-50 (1).png */ = {isa = PBXFileReference; lastKnownFileType = image.png; path = "Menu Filled-50 (1).png"; sourceTree = "<group>"; };
		33E915531BAFAB7700A44BE1 /* Menu Filled-50.png */ = {isa = PBXFileReference; lastKnownFileType = image.png; path = "Menu Filled-50.png"; sourceTree = "<group>"; };
		33E915541BAFAB7700A44BE1 /* Menu-50 (1).png */ = {isa = PBXFileReference; lastKnownFileType = image.png; path = "Menu-50 (1).png"; sourceTree = "<group>"; };
		33E915551BAFAB7700A44BE1 /* Menu-50.png */ = {isa = PBXFileReference; lastKnownFileType = image.png; path = "Menu-50.png"; sourceTree = "<group>"; };
		33E915561BAFAB7700A44BE1 /* More Than Filled-100.png */ = {isa = PBXFileReference; lastKnownFileType = image.png; path = "More Than Filled-100.png"; sourceTree = "<group>"; };
		33E915571BAFAB7700A44BE1 /* Rotate Camera-50 (1).png */ = {isa = PBXFileReference; lastKnownFileType = image.png; path = "Rotate Camera-50 (1).png"; sourceTree = "<group>"; };
		33E915581BAFAB7700A44BE1 /* Rotate Camera-50.png */ = {isa = PBXFileReference; lastKnownFileType = image.png; path = "Rotate Camera-50.png"; sourceTree = "<group>"; };
		33E915591BAFAB7700A44BE1 /* Settings-100.png */ = {isa = PBXFileReference; lastKnownFileType = image.png; path = "Settings-100.png"; sourceTree = "<group>"; };
		33E9155A1BAFAB7700A44BE1 /* Switch Camera-50.png */ = {isa = PBXFileReference; lastKnownFileType = image.png; path = "Switch Camera-50.png"; sourceTree = "<group>"; };
		33E9155B1BAFAB7700A44BE1 /* Upload-50.png */ = {isa = PBXFileReference; lastKnownFileType = image.png; path = "Upload-50.png"; sourceTree = "<group>"; };
		33E9155C1BAFAB7700A44BE1 /* Upload-100.png */ = {isa = PBXFileReference; lastKnownFileType = image.png; path = "Upload-100.png"; sourceTree = "<group>"; };
		33E9155D1BAFAB7700A44BE1 /* Xlarge Icons-50.png */ = {isa = PBXFileReference; lastKnownFileType = image.png; path = "Xlarge Icons-50.png"; sourceTree = "<group>"; };
		33E9157C1BAFABA500A44BE1 /* button.png */ = {isa = PBXFileReference; lastKnownFileType = image.png; path = button.png; sourceTree = "<group>"; };
		33E9157E1BAFAF0E00A44BE1 /* AVFoundation.framework */ = {isa = PBXFileReference; lastKnownFileType = wrapper.framework; name = AVFoundation.framework; path = System/Library/Frameworks/AVFoundation.framework; sourceTree = SDKROOT; };
		33E915801BAFDBEB00A44BE1 /* ImageTopViewController.h */ = {isa = PBXFileReference; fileEncoding = 4; lastKnownFileType = sourcecode.c.h; path = ImageTopViewController.h; sourceTree = "<group>"; };
		33E915811BAFDBEB00A44BE1 /* ImageTopViewController.m */ = {isa = PBXFileReference; fileEncoding = 4; lastKnownFileType = sourcecode.c.objc; path = ImageTopViewController.m; sourceTree = "<group>"; };
		33E915831BAFE0DC00A44BE1 /* Back-25.png */ = {isa = PBXFileReference; lastKnownFileType = image.png; path = "Back-25.png"; sourceTree = "<group>"; };
		33E915841BAFE0DC00A44BE1 /* Back-32.png */ = {isa = PBXFileReference; lastKnownFileType = image.png; path = "Back-32.png"; sourceTree = "<group>"; };
		33E915851BAFE0DC00A44BE1 /* Settings-25.png */ = {isa = PBXFileReference; lastKnownFileType = image.png; path = "Settings-25.png"; sourceTree = "<group>"; };
		33E915861BAFE0DC00A44BE1 /* Settings-32.png */ = {isa = PBXFileReference; lastKnownFileType = image.png; path = "Settings-32.png"; sourceTree = "<group>"; };
		33E9158B1BAFEC6500A44BE1 /* Download-25.png */ = {isa = PBXFileReference; lastKnownFileType = image.png; path = "Download-25.png"; sourceTree = "<group>"; };
		33E9158C1BAFEC6500A44BE1 /* Download-32.png */ = {isa = PBXFileReference; lastKnownFileType = image.png; path = "Download-32.png"; sourceTree = "<group>"; };
		33E9158F1BAFEEBC00A44BE1 /* delete.png */ = {isa = PBXFileReference; lastKnownFileType = image.png; path = delete.png; sourceTree = "<group>"; };
		33E915901BAFEEBC00A44BE1 /* email.png */ = {isa = PBXFileReference; lastKnownFileType = image.png; path = email.png; sourceTree = "<group>"; };
		33E915911BAFEEBC00A44BE1 /* extend.png */ = {isa = PBXFileReference; lastKnownFileType = image.png; path = extend.png; sourceTree = "<group>"; };
		33E915951BAFF04900A44BE1 /* ImageDetailViewController.h */ = {isa = PBXFileReference; fileEncoding = 4; lastKnownFileType = sourcecode.c.h; path = ImageDetailViewController.h; sourceTree = "<group>"; };
		33E915961BAFF04900A44BE1 /* ImageDetailViewController.m */ = {isa = PBXFileReference; fileEncoding = 4; lastKnownFileType = sourcecode.c.objc; path = ImageDetailViewController.m; sourceTree = "<group>"; };
		33E915981BB0029600A44BE1 /* travel-0050.jpg */ = {isa = PBXFileReference; lastKnownFileType = image.jpeg; path = "travel-0050.jpg"; sourceTree = "<group>"; };
		33E9159A1BB016AB00A44BE1 /* SettingsViewController.h */ = {isa = PBXFileReference; fileEncoding = 4; lastKnownFileType = sourcecode.c.h; path = SettingsViewController.h; sourceTree = "<group>"; };
		33E9159B1BB016AB00A44BE1 /* SettingsViewController.m */ = {isa = PBXFileReference; fileEncoding = 4; lastKnownFileType = sourcecode.c.objc; path = SettingsViewController.m; sourceTree = "<group>"; };
		33E9159D1BB01BD100A44BE1 /* SettingsTableViewController.h */ = {isa = PBXFileReference; fileEncoding = 4; lastKnownFileType = sourcecode.c.h; path = SettingsTableViewController.h; sourceTree = "<group>"; };
		33E9159E1BB01BD100A44BE1 /* SettingsTableViewController.m */ = {isa = PBXFileReference; fileEncoding = 4; lastKnownFileType = sourcecode.c.objc; path = SettingsTableViewController.m; sourceTree = "<group>"; };
		33E915A01BB02B8900A44BE1 /* generate-img.png */ = {isa = PBXFileReference; lastKnownFileType = image.png; path = "generate-img.png"; sourceTree = "<group>"; };
		33E915A21BB02D9C00A44BE1 /* blur-bg-portrait.jpg */ = {isa = PBXFileReference; lastKnownFileType = image.jpeg; path = "blur-bg-portrait.jpg"; sourceTree = "<group>"; };
		33E915A41BB02EB700A44BE1 /* LoginViewController.h */ = {isa = PBXFileReference; fileEncoding = 4; lastKnownFileType = sourcecode.c.h; path = LoginViewController.h; sourceTree = "<group>"; };
		33E915A51BB02EB700A44BE1 /* LoginViewController.m */ = {isa = PBXFileReference; fileEncoding = 4; lastKnownFileType = sourcecode.c.objc; path = LoginViewController.m; sourceTree = "<group>"; };
/* End PBXFileReference section */

/* Begin PBXFrameworksBuildPhase section */
		33987D8B1BAF63DD00D728C2 /* Frameworks */ = {
			isa = PBXFrameworksBuildPhase;
			buildActionMask = 2147483647;
			files = (
				3354773C1BB2AB80000FABCE /* QuartzCore.framework in Frameworks */,
				33E9157F1BAFAF0E00A44BE1 /* AVFoundation.framework in Frameworks */,
			);
			runOnlyForDeploymentPostprocessing = 0;
		};
		33987DA71BAF63DD00D728C2 /* Frameworks */ = {
			isa = PBXFrameworksBuildPhase;
			buildActionMask = 2147483647;
			files = (
			);
			runOnlyForDeploymentPostprocessing = 0;
		};
		33987DB21BAF63DD00D728C2 /* Frameworks */ = {
			isa = PBXFrameworksBuildPhase;
			buildActionMask = 2147483647;
			files = (
			);
			runOnlyForDeploymentPostprocessing = 0;
		};
/* End PBXFrameworksBuildPhase section */

/* Begin PBXGroup section */
		33987D851BAF63DD00D728C2 = {
			isa = PBXGroup;
			children = (
				3354773B1BB2AB80000FABCE /* QuartzCore.framework */,
				33E9157E1BAFAF0E00A44BE1 /* AVFoundation.framework */,
				33987D901BAF63DD00D728C2 /* imgnow-ios */,
				33987DAD1BAF63DD00D728C2 /* imgnow-iosTests */,
				33987DB81BAF63DD00D728C2 /* imgnow-iosUITests */,
				33987D8F1BAF63DD00D728C2 /* Products */,
			);
			sourceTree = "<group>";
		};
		33987D8F1BAF63DD00D728C2 /* Products */ = {
			isa = PBXGroup;
			children = (
				33987D8E1BAF63DD00D728C2 /* imgnow-ios.app */,
				33987DAA1BAF63DD00D728C2 /* imgnow-iosTests.xctest */,
				33987DB51BAF63DD00D728C2 /* imgnow-iosUITests.xctest */,
			);
			name = Products;
			sourceTree = "<group>";
		};
		33987D901BAF63DD00D728C2 /* imgnow-ios */ = {
			isa = PBXGroup;
			children = (
				33E915411BAFAB4B00A44BE1 /* img */,
				33987D941BAF63DD00D728C2 /* AppDelegate.h */,
				33987D951BAF63DD00D728C2 /* AppDelegate.m */,
				33E915A41BB02EB700A44BE1 /* LoginViewController.h */,
				33E915A51BB02EB700A44BE1 /* LoginViewController.m */,
				335477321BB23CB1000FABCE /* RegistrationViewController.h */,
				335477331BB23CB1000FABCE /* RegistrationViewController.m */,
				33987D971BAF63DD00D728C2 /* ViewController.h */,
				33987D981BAF63DD00D728C2 /* ViewController.m */,
				33E915801BAFDBEB00A44BE1 /* ImageTopViewController.h */,
				33E915811BAFDBEB00A44BE1 /* ImageTopViewController.m */,
				33E915951BAFF04900A44BE1 /* ImageDetailViewController.h */,
				33E915961BAFF04900A44BE1 /* ImageDetailViewController.m */,
				33E9159A1BB016AB00A44BE1 /* SettingsViewController.h */,
				33E9159B1BB016AB00A44BE1 /* SettingsViewController.m */,
				33E9159D1BB01BD100A44BE1 /* SettingsTableViewController.h */,
				33E9159E1BB01BD100A44BE1 /* SettingsTableViewController.m */,
				33987D9A1BAF63DD00D728C2 /* Main.storyboard */,
				33987D911BAF63DD00D728C2 /* Supporting Files */,
				33CA7D631BB17ED0007B175C /* api-routes.plist */,
				3354772F1BB21DB8000FABCE /* NSUserDefaults+Session.h */,
				335477301BB21DB8000FABCE /* NSUserDefaults+Session.m */,
				335477381BB2AB55000FABCE /* SlideLeftCustomSegue.h */,
				335477391BB2AB55000FABCE /* SlideLeftCustomSegue.m */,
			);
			path = "imgnow-ios";
			sourceTree = "<group>";
		};
		33987D911BAF63DD00D728C2 /* Supporting Files */ = {
			isa = PBXGroup;
			children = (
				33987DA01BAF63DD00D728C2 /* Assets.xcassets */,
				33987DA21BAF63DD00D728C2 /* LaunchScreen.storyboard */,
				33987D9D1BAF63DD00D728C2 /* imgnow_ios.xcdatamodeld */,
				33987DA51BAF63DD00D728C2 /* Info.plist */,
				33987D921BAF63DD00D728C2 /* main.m */,
			);
			name = "Supporting Files";
			sourceTree = "<group>";
		};
		33987DAD1BAF63DD00D728C2 /* imgnow-iosTests */ = {
			isa = PBXGroup;
			children = (
				33987DAE1BAF63DD00D728C2 /* imgnow_iosTests.m */,
				33987DB01BAF63DD00D728C2 /* Info.plist */,
			);
			path = "imgnow-iosTests";
			sourceTree = "<group>";
		};
		33987DB81BAF63DD00D728C2 /* imgnow-iosUITests */ = {
			isa = PBXGroup;
			children = (
				33987DB91BAF63DD00D728C2 /* imgnow_iosUITests.m */,
				33987DBB1BAF63DD00D728C2 /* Info.plist */,
			);
			path = "imgnow-iosUITests";
			sourceTree = "<group>";
		};
		33E915411BAFAB4B00A44BE1 /* img */ = {
			isa = PBXGroup;
			children = (
				33E915A21BB02D9C00A44BE1 /* blur-bg-portrait.jpg */,
				33E915981BB0029600A44BE1 /* travel-0050.jpg */,
				33E9157B1BAFAB8D00A44BE1 /* buttons */,
				33E9157A1BAFAB8000A44BE1 /* icons */,
			);
			name = img;
			sourceTree = "<group>";
		};
		33E9157A1BAFAB8000A44BE1 /* icons */ = {
			isa = PBXGroup;
			children = (
				3326F64B1BB0C19800578DEB /* Flash-On-50-white.png */,
				33E9158B1BAFEC6500A44BE1 /* Download-25.png */,
				33E9158C1BAFEC6500A44BE1 /* Download-32.png */,
				33E915831BAFE0DC00A44BE1 /* Back-25.png */,
				33E915841BAFE0DC00A44BE1 /* Back-32.png */,
				33E915851BAFE0DC00A44BE1 /* Settings-25.png */,
				33E915861BAFE0DC00A44BE1 /* Settings-32.png */,
				33E915421BAFAB7700A44BE1 /* Arrow-50.png */,
				33E915431BAFAB7700A44BE1 /* Back-50.png */,
				33E915441BAFAB7700A44BE1 /* Camera-50.png */,
				33E915451BAFAB7700A44BE1 /* Checkmark-100.png */,
				33E915461BAFAB7700A44BE1 /* Delete Filled-50.png */,
				33E915471BAFAB7700A44BE1 /* Delete-50 (1).png */,
				33E915481BAFAB7700A44BE1 /* Delete-50 (2).png */,
				33E915491BAFAB7700A44BE1 /* Delete-50.png */,
				33E9154A1BAFAB7700A44BE1 /* Download Filled-50.png */,
				33E9154B1BAFAB7700A44BE1 /* Download-50.png */,
				33E9154C1BAFAB7700A44BE1 /* Download-100.png */,
				33E9154D1BAFAB7700A44BE1 /* Flash Off Filled-50.png */,
				33E9154E1BAFAB7700A44BE1 /* Flash Off-50 (1).png */,
				33E9154F1BAFAB7700A44BE1 /* Flash Off-50.png */,
				33E915501BAFAB7700A44BE1 /* Flash On Filled-50.png */,
				33E915511BAFAB7700A44BE1 /* Flash On-50.png */,
				33E915521BAFAB7700A44BE1 /* Menu Filled-50 (1).png */,
				33E915531BAFAB7700A44BE1 /* Menu Filled-50.png */,
				33E915541BAFAB7700A44BE1 /* Menu-50 (1).png */,
				33E915551BAFAB7700A44BE1 /* Menu-50.png */,
				33E915561BAFAB7700A44BE1 /* More Than Filled-100.png */,
				33E915571BAFAB7700A44BE1 /* Rotate Camera-50 (1).png */,
				33E915581BAFAB7700A44BE1 /* Rotate Camera-50.png */,
				33E915591BAFAB7700A44BE1 /* Settings-100.png */,
				33E9155A1BAFAB7700A44BE1 /* Switch Camera-50.png */,
				33E9155B1BAFAB7700A44BE1 /* Upload-50.png */,
				33E9155C1BAFAB7700A44BE1 /* Upload-100.png */,
				33E9155D1BAFAB7700A44BE1 /* Xlarge Icons-50.png */,
			);
			name = icons;
			sourceTree = "<group>";
		};
		33E9157B1BAFAB8D00A44BE1 /* buttons */ = {
			isa = PBXGroup;
			children = (
				33CA7D611BB170AE007B175C /* login-button.jpg */,
				33E915A01BB02B8900A44BE1 /* generate-img.png */,
				33E9158F1BAFEEBC00A44BE1 /* delete.png */,
				33E915901BAFEEBC00A44BE1 /* email.png */,
				33E915911BAFEEBC00A44BE1 /* extend.png */,
				33E9157C1BAFABA500A44BE1 /* button.png */,
			);
			name = buttons;
			sourceTree = "<group>";
		};
/* End PBXGroup section */

/* Begin PBXNativeTarget section */
		33987D8D1BAF63DD00D728C2 /* imgnow-ios */ = {
			isa = PBXNativeTarget;
			buildConfigurationList = 33987DBE1BAF63DD00D728C2 /* Build configuration list for PBXNativeTarget "imgnow-ios" */;
			buildPhases = (
				33987D8A1BAF63DD00D728C2 /* Sources */,
				33987D8B1BAF63DD00D728C2 /* Frameworks */,
				33987D8C1BAF63DD00D728C2 /* Resources */,
			);
			buildRules = (
			);
			dependencies = (
			);
			name = "imgnow-ios";
			productName = "imgnow-ios";
			productReference = 33987D8E1BAF63DD00D728C2 /* imgnow-ios.app */;
			productType = "com.apple.product-type.application";
		};
		33987DA91BAF63DD00D728C2 /* imgnow-iosTests */ = {
			isa = PBXNativeTarget;
			buildConfigurationList = 33987DC11BAF63DD00D728C2 /* Build configuration list for PBXNativeTarget "imgnow-iosTests" */;
			buildPhases = (
				33987DA61BAF63DD00D728C2 /* Sources */,
				33987DA71BAF63DD00D728C2 /* Frameworks */,
				33987DA81BAF63DD00D728C2 /* Resources */,
			);
			buildRules = (
			);
			dependencies = (
				33987DAC1BAF63DD00D728C2 /* PBXTargetDependency */,
			);
			name = "imgnow-iosTests";
			productName = "imgnow-iosTests";
			productReference = 33987DAA1BAF63DD00D728C2 /* imgnow-iosTests.xctest */;
			productType = "com.apple.product-type.bundle.unit-test";
		};
		33987DB41BAF63DD00D728C2 /* imgnow-iosUITests */ = {
			isa = PBXNativeTarget;
			buildConfigurationList = 33987DC41BAF63DD00D728C2 /* Build configuration list for PBXNativeTarget "imgnow-iosUITests" */;
			buildPhases = (
				33987DB11BAF63DD00D728C2 /* Sources */,
				33987DB21BAF63DD00D728C2 /* Frameworks */,
				33987DB31BAF63DD00D728C2 /* Resources */,
			);
			buildRules = (
			);
			dependencies = (
				33987DB71BAF63DD00D728C2 /* PBXTargetDependency */,
			);
			name = "imgnow-iosUITests";
			productName = "imgnow-iosUITests";
			productReference = 33987DB51BAF63DD00D728C2 /* imgnow-iosUITests.xctest */;
			productType = "com.apple.product-type.bundle.ui-testing";
		};
/* End PBXNativeTarget section */

/* Begin PBXProject section */
		33987D861BAF63DD00D728C2 /* Project object */ = {
			isa = PBXProject;
			attributes = {
				LastUpgradeCheck = 0700;
				ORGANIZATIONNAME = "Henry Ehly";
				TargetAttributes = {
					33987D8D1BAF63DD00D728C2 = {
						CreatedOnToolsVersion = 7.0;
					};
					33987DA91BAF63DD00D728C2 = {
						CreatedOnToolsVersion = 7.0;
						TestTargetID = 33987D8D1BAF63DD00D728C2;
					};
					33987DB41BAF63DD00D728C2 = {
						CreatedOnToolsVersion = 7.0;
						TestTargetID = 33987D8D1BAF63DD00D728C2;
					};
				};
			};
			buildConfigurationList = 33987D891BAF63DD00D728C2 /* Build configuration list for PBXProject "imgnow-ios" */;
			compatibilityVersion = "Xcode 3.2";
			developmentRegion = English;
			hasScannedForEncodings = 0;
			knownRegions = (
				en,
				Base,
			);
			mainGroup = 33987D851BAF63DD00D728C2;
			productRefGroup = 33987D8F1BAF63DD00D728C2 /* Products */;
			projectDirPath = "";
			projectRoot = "";
			targets = (
				33987D8D1BAF63DD00D728C2 /* imgnow-ios */,
				33987DA91BAF63DD00D728C2 /* imgnow-iosTests */,
				33987DB41BAF63DD00D728C2 /* imgnow-iosUITests */,
			);
		};
/* End PBXProject section */

/* Begin PBXResourcesBuildPhase section */
		33987D8C1BAF63DD00D728C2 /* Resources */ = {
			isa = PBXResourcesBuildPhase;
			buildActionMask = 2147483647;
			files = (
				33E9155F1BAFAB7700A44BE1 /* Back-50.png in Resources */,
				33E9158D1BAFEC6500A44BE1 /* Download-25.png in Resources */,
				33E915881BAFE0DC00A44BE1 /* Back-32.png in Resources */,
				33E915771BAFAB7700A44BE1 /* Upload-50.png in Resources */,
				33E915681BAFAB7700A44BE1 /* Download-100.png in Resources */,
				33E915791BAFAB7700A44BE1 /* Xlarge Icons-50.png in Resources */,
				33E915921BAFEEBC00A44BE1 /* delete.png in Resources */,
				33E915751BAFAB7700A44BE1 /* Settings-100.png in Resources */,
				33E915A31BB02D9C00A44BE1 /* blur-bg-portrait.jpg in Resources */,
				33E915871BAFE0DC00A44BE1 /* Back-25.png in Resources */,
				33E9156E1BAFAB7700A44BE1 /* Menu Filled-50 (1).png in Resources */,
				33E915761BAFAB7700A44BE1 /* Switch Camera-50.png in Resources */,
				33E915891BAFE0DC00A44BE1 /* Settings-25.png in Resources */,
				33E915671BAFAB7700A44BE1 /* Download-50.png in Resources */,
				33E915611BAFAB7700A44BE1 /* Checkmark-100.png in Resources */,
				33E9156A1BAFAB7700A44BE1 /* Flash Off-50 (1).png in Resources */,
				33E915601BAFAB7700A44BE1 /* Camera-50.png in Resources */,
				33E915691BAFAB7700A44BE1 /* Flash Off Filled-50.png in Resources */,
				33E915711BAFAB7700A44BE1 /* Menu-50.png in Resources */,
				33E915651BAFAB7700A44BE1 /* Delete-50.png in Resources */,
				33E9155E1BAFAB7700A44BE1 /* Arrow-50.png in Resources */,
				33E915631BAFAB7700A44BE1 /* Delete-50 (1).png in Resources */,
				3326F64C1BB0C19800578DEB /* Flash-On-50-white.png in Resources */,
				33E9158E1BAFEC6500A44BE1 /* Download-32.png in Resources */,
				33E915621BAFAB7700A44BE1 /* Delete Filled-50.png in Resources */,
				33E9156B1BAFAB7700A44BE1 /* Flash Off-50.png in Resources */,
				33E915991BB0029600A44BE1 /* travel-0050.jpg in Resources */,
				33E915701BAFAB7700A44BE1 /* Menu-50 (1).png in Resources */,
				33E9156C1BAFAB7700A44BE1 /* Flash On Filled-50.png in Resources */,
				33987DA41BAF63DD00D728C2 /* LaunchScreen.storyboard in Resources */,
				33E915781BAFAB7700A44BE1 /* Upload-100.png in Resources */,
				33E915931BAFEEBC00A44BE1 /* email.png in Resources */,
				33E9158A1BAFE0DC00A44BE1 /* Settings-32.png in Resources */,
				33987DA11BAF63DD00D728C2 /* Assets.xcassets in Resources */,
				33E9156D1BAFAB7700A44BE1 /* Flash On-50.png in Resources */,
				33E9156F1BAFAB7700A44BE1 /* Menu Filled-50.png in Resources */,
				33CA7D641BB17ED0007B175C /* api-routes.plist in Resources */,
				33E9157D1BAFABA500A44BE1 /* button.png in Resources */,
				33E915A11BB02B8900A44BE1 /* generate-img.png in Resources */,
				33E915641BAFAB7700A44BE1 /* Delete-50 (2).png in Resources */,
				33E915731BAFAB7700A44BE1 /* Rotate Camera-50 (1).png in Resources */,
				33E915941BAFEEBC00A44BE1 /* extend.png in Resources */,
				33987D9C1BAF63DD00D728C2 /* Main.storyboard in Resources */,
				33E915741BAFAB7700A44BE1 /* Rotate Camera-50.png in Resources */,
				33CA7D621BB170AE007B175C /* login-button.jpg in Resources */,
				33E915661BAFAB7700A44BE1 /* Download Filled-50.png in Resources */,
				33E915721BAFAB7700A44BE1 /* More Than Filled-100.png in Resources */,
			);
			runOnlyForDeploymentPostprocessing = 0;
		};
		33987DA81BAF63DD00D728C2 /* Resources */ = {
			isa = PBXResourcesBuildPhase;
			buildActionMask = 2147483647;
			files = (
			);
			runOnlyForDeploymentPostprocessing = 0;
		};
		33987DB31BAF63DD00D728C2 /* Resources */ = {
			isa = PBXResourcesBuildPhase;
			buildActionMask = 2147483647;
			files = (
			);
			runOnlyForDeploymentPostprocessing = 0;
		};
/* End PBXResourcesBuildPhase section */

/* Begin PBXSourcesBuildPhase section */
		33987D8A1BAF63DD00D728C2 /* Sources */ = {
			isa = PBXSourcesBuildPhase;
			buildActionMask = 2147483647;
			files = (
				33E9159F1BB01BD100A44BE1 /* SettingsTableViewController.m in Sources */,
				33987D991BAF63DD00D728C2 /* ViewController.m in Sources */,
				335477311BB21DB8000FABCE /* NSUserDefaults+Session.m in Sources */,
				335477341BB23CB1000FABCE /* RegistrationViewController.m in Sources */,
				33987D961BAF63DD00D728C2 /* AppDelegate.m in Sources */,
				3354773A1BB2AB55000FABCE /* SlideLeftCustomSegue.m in Sources */,
				33987D9F1BAF63DD00D728C2 /* imgnow_ios.xcdatamodeld in Sources */,
				33987D931BAF63DD00D728C2 /* main.m in Sources */,
				33E915A61BB02EB700A44BE1 /* LoginViewController.m in Sources */,
				33E915821BAFDBEB00A44BE1 /* ImageTopViewController.m in Sources */,
				33E915971BAFF04900A44BE1 /* ImageDetailViewController.m in Sources */,
				33E9159C1BB016AB00A44BE1 /* SettingsViewController.m in Sources */,
			);
			runOnlyForDeploymentPostprocessing = 0;
		};
		33987DA61BAF63DD00D728C2 /* Sources */ = {
			isa = PBXSourcesBuildPhase;
			buildActionMask = 2147483647;
			files = (
				33987DAF1BAF63DD00D728C2 /* imgnow_iosTests.m in Sources */,
			);
			runOnlyForDeploymentPostprocessing = 0;
		};
		33987DB11BAF63DD00D728C2 /* Sources */ = {
			isa = PBXSourcesBuildPhase;
			buildActionMask = 2147483647;
			files = (
				33987DBA1BAF63DD00D728C2 /* imgnow_iosUITests.m in Sources */,
			);
			runOnlyForDeploymentPostprocessing = 0;
		};
/* End PBXSourcesBuildPhase section */

/* Begin PBXTargetDependency section */
		33987DAC1BAF63DD00D728C2 /* PBXTargetDependency */ = {
			isa = PBXTargetDependency;
			target = 33987D8D1BAF63DD00D728C2 /* imgnow-ios */;
			targetProxy = 33987DAB1BAF63DD00D728C2 /* PBXContainerItemProxy */;
		};
		33987DB71BAF63DD00D728C2 /* PBXTargetDependency */ = {
			isa = PBXTargetDependency;
			target = 33987D8D1BAF63DD00D728C2 /* imgnow-ios */;
			targetProxy = 33987DB61BAF63DD00D728C2 /* PBXContainerItemProxy */;
		};
/* End PBXTargetDependency section */

/* Begin PBXVariantGroup section */
		33987D9A1BAF63DD00D728C2 /* Main.storyboard */ = {
			isa = PBXVariantGroup;
			children = (
				33987D9B1BAF63DD00D728C2 /* Base */,
			);
			name = Main.storyboard;
			sourceTree = "<group>";
		};
		33987DA21BAF63DD00D728C2 /* LaunchScreen.storyboard */ = {
			isa = PBXVariantGroup;
			children = (
				33987DA31BAF63DD00D728C2 /* Base */,
			);
			name = LaunchScreen.storyboard;
			sourceTree = "<group>";
		};
/* End PBXVariantGroup section */

/* Begin XCBuildConfiguration section */
		33987DBC1BAF63DD00D728C2 /* Debug */ = {
			isa = XCBuildConfiguration;
			buildSettings = {
				ALWAYS_SEARCH_USER_PATHS = NO;
				CLANG_CXX_LANGUAGE_STANDARD = "gnu++0x";
				CLANG_CXX_LIBRARY = "libc++";
				CLANG_ENABLE_MODULES = YES;
				CLANG_ENABLE_OBJC_ARC = YES;
				CLANG_WARN_BOOL_CONVERSION = YES;
				CLANG_WARN_CONSTANT_CONVERSION = YES;
				CLANG_WARN_DIRECT_OBJC_ISA_USAGE = YES_ERROR;
				CLANG_WARN_EMPTY_BODY = YES;
				CLANG_WARN_ENUM_CONVERSION = YES;
				CLANG_WARN_INT_CONVERSION = YES;
				CLANG_WARN_OBJC_ROOT_CLASS = YES_ERROR;
				CLANG_WARN_UNREACHABLE_CODE = YES;
				CLANG_WARN__DUPLICATE_METHOD_MATCH = YES;
				"CODE_SIGN_IDENTITY[sdk=iphoneos*]" = "iPhone Developer";
				COPY_PHASE_STRIP = NO;
				DEBUG_INFORMATION_FORMAT = dwarf;
				ENABLE_STRICT_OBJC_MSGSEND = YES;
				ENABLE_TESTABILITY = YES;
				GCC_C_LANGUAGE_STANDARD = gnu99;
				GCC_DYNAMIC_NO_PIC = NO;
				GCC_NO_COMMON_BLOCKS = YES;
				GCC_OPTIMIZATION_LEVEL = 0;
				GCC_PREPROCESSOR_DEFINITIONS = (
					"DEBUG=1",
					"$(inherited)",
				);
				GCC_WARN_64_TO_32_BIT_CONVERSION = YES;
				GCC_WARN_ABOUT_RETURN_TYPE = YES_ERROR;
				GCC_WARN_UNDECLARED_SELECTOR = YES;
				GCC_WARN_UNINITIALIZED_AUTOS = YES_AGGRESSIVE;
				GCC_WARN_UNUSED_FUNCTION = YES;
				GCC_WARN_UNUSED_VARIABLE = YES;
				IPHONEOS_DEPLOYMENT_TARGET = 9.0;
				MTL_ENABLE_DEBUG_INFO = YES;
				ONLY_ACTIVE_ARCH = YES;
				SDKROOT = iphoneos;
			};
			name = Debug;
		};
		33987DBD1BAF63DD00D728C2 /* Release */ = {
			isa = XCBuildConfiguration;
			buildSettings = {
				ALWAYS_SEARCH_USER_PATHS = NO;
				CLANG_CXX_LANGUAGE_STANDARD = "gnu++0x";
				CLANG_CXX_LIBRARY = "libc++";
				CLANG_ENABLE_MODULES = YES;
				CLANG_ENABLE_OBJC_ARC = YES;
				CLANG_WARN_BOOL_CONVERSION = YES;
				CLANG_WARN_CONSTANT_CONVERSION = YES;
				CLANG_WARN_DIRECT_OBJC_ISA_USAGE = YES_ERROR;
				CLANG_WARN_EMPTY_BODY = YES;
				CLANG_WARN_ENUM_CONVERSION = YES;
				CLANG_WARN_INT_CONVERSION = YES;
				CLANG_WARN_OBJC_ROOT_CLASS = YES_ERROR;
				CLANG_WARN_UNREACHABLE_CODE = YES;
				CLANG_WARN__DUPLICATE_METHOD_MATCH = YES;
				"CODE_SIGN_IDENTITY[sdk=iphoneos*]" = "iPhone Developer";
				COPY_PHASE_STRIP = NO;
				DEBUG_INFORMATION_FORMAT = "dwarf-with-dsym";
				ENABLE_NS_ASSERTIONS = NO;
				ENABLE_STRICT_OBJC_MSGSEND = YES;
				GCC_C_LANGUAGE_STANDARD = gnu99;
				GCC_NO_COMMON_BLOCKS = YES;
				GCC_WARN_64_TO_32_BIT_CONVERSION = YES;
				GCC_WARN_ABOUT_RETURN_TYPE = YES_ERROR;
				GCC_WARN_UNDECLARED_SELECTOR = YES;
				GCC_WARN_UNINITIALIZED_AUTOS = YES_AGGRESSIVE;
				GCC_WARN_UNUSED_FUNCTION = YES;
				GCC_WARN_UNUSED_VARIABLE = YES;
				IPHONEOS_DEPLOYMENT_TARGET = 9.0;
				MTL_ENABLE_DEBUG_INFO = NO;
				SDKROOT = iphoneos;
				VALIDATE_PRODUCT = YES;
			};
			name = Release;
		};
		33987DBF1BAF63DD00D728C2 /* Debug */ = {
			isa = XCBuildConfiguration;
			buildSettings = {
				ASSETCATALOG_COMPILER_APPICON_NAME = AppIcon;
				INFOPLIST_FILE = "imgnow-ios/Info.plist";
				LD_RUNPATH_SEARCH_PATHS = "$(inherited) @executable_path/Frameworks";
				PRODUCT_BUNDLE_IDENTIFIER = "com.henryehly.imgnow-ios";
				PRODUCT_NAME = "$(TARGET_NAME)";
			};
			name = Debug;
		};
		33987DC01BAF63DD00D728C2 /* Release */ = {
			isa = XCBuildConfiguration;
			buildSettings = {
				ASSETCATALOG_COMPILER_APPICON_NAME = AppIcon;
				INFOPLIST_FILE = "imgnow-ios/Info.plist";
				LD_RUNPATH_SEARCH_PATHS = "$(inherited) @executable_path/Frameworks";
				PRODUCT_BUNDLE_IDENTIFIER = "com.henryehly.imgnow-ios";
				PRODUCT_NAME = "$(TARGET_NAME)";
			};
			name = Release;
		};
		33987DC21BAF63DD00D728C2 /* Debug */ = {
			isa = XCBuildConfiguration;
			buildSettings = {
				BUNDLE_LOADER = "$(TEST_HOST)";
				INFOPLIST_FILE = "imgnow-iosTests/Info.plist";
				LD_RUNPATH_SEARCH_PATHS = "$(inherited) @executable_path/Frameworks @loader_path/Frameworks";
				PRODUCT_BUNDLE_IDENTIFIER = "com.henryehly.imgnow-iosTests";
				PRODUCT_NAME = "$(TARGET_NAME)";
				TEST_HOST = "$(BUILT_PRODUCTS_DIR)/imgnow-ios.app/imgnow-ios";
			};
			name = Debug;
		};
		33987DC31BAF63DD00D728C2 /* Release */ = {
			isa = XCBuildConfiguration;
			buildSettings = {
				BUNDLE_LOADER = "$(TEST_HOST)";
				INFOPLIST_FILE = "imgnow-iosTests/Info.plist";
				LD_RUNPATH_SEARCH_PATHS = "$(inherited) @executable_path/Frameworks @loader_path/Frameworks";
				PRODUCT_BUNDLE_IDENTIFIER = "com.henryehly.imgnow-iosTests";
				PRODUCT_NAME = "$(TARGET_NAME)";
				TEST_HOST = "$(BUILT_PRODUCTS_DIR)/imgnow-ios.app/imgnow-ios";
			};
			name = Release;
		};
		33987DC51BAF63DD00D728C2 /* Debug */ = {
			isa = XCBuildConfiguration;
			buildSettings = {
				INFOPLIST_FILE = "imgnow-iosUITests/Info.plist";
				LD_RUNPATH_SEARCH_PATHS = "$(inherited) @executable_path/Frameworks @loader_path/Frameworks";
				PRODUCT_BUNDLE_IDENTIFIER = "com.henryehly.imgnow-iosUITests";
				PRODUCT_NAME = "$(TARGET_NAME)";
				TEST_TARGET_NAME = "imgnow-ios";
				USES_XCTRUNNER = YES;
			};
			name = Debug;
		};
		33987DC61BAF63DD00D728C2 /* Release */ = {
			isa = XCBuildConfiguration;
			buildSettings = {
				INFOPLIST_FILE = "imgnow-iosUITests/Info.plist";
				LD_RUNPATH_SEARCH_PATHS = "$(inherited) @executable_path/Frameworks @loader_path/Frameworks";
				PRODUCT_BUNDLE_IDENTIFIER = "com.henryehly.imgnow-iosUITests";
				PRODUCT_NAME = "$(TARGET_NAME)";
				TEST_TARGET_NAME = "imgnow-ios";
				USES_XCTRUNNER = YES;
			};
			name = Release;
		};
/* End XCBuildConfiguration section */

/* Begin XCConfigurationList section */
		33987D891BAF63DD00D728C2 /* Build configuration list for PBXProject "imgnow-ios" */ = {
			isa = XCConfigurationList;
			buildConfigurations = (
				33987DBC1BAF63DD00D728C2 /* Debug */,
				33987DBD1BAF63DD00D728C2 /* Release */,
			);
			defaultConfigurationIsVisible = 0;
			defaultConfigurationName = Release;
		};
		33987DBE1BAF63DD00D728C2 /* Build configuration list for PBXNativeTarget "imgnow-ios" */ = {
			isa = XCConfigurationList;
			buildConfigurations = (
				33987DBF1BAF63DD00D728C2 /* Debug */,
				33987DC01BAF63DD00D728C2 /* Release */,
			);
			defaultConfigurationIsVisible = 0;
			defaultConfigurationName = Release;
		};
		33987DC11BAF63DD00D728C2 /* Build configuration list for PBXNativeTarget "imgnow-iosTests" */ = {
			isa = XCConfigurationList;
			buildConfigurations = (
				33987DC21BAF63DD00D728C2 /* Debug */,
				33987DC31BAF63DD00D728C2 /* Release */,
			);
			defaultConfigurationIsVisible = 0;
			defaultConfigurationName = Release;
		};
		33987DC41BAF63DD00D728C2 /* Build configuration list for PBXNativeTarget "imgnow-iosUITests" */ = {
			isa = XCConfigurationList;
			buildConfigurations = (
				33987DC51BAF63DD00D728C2 /* Debug */,
				33987DC61BAF63DD00D728C2 /* Release */,
			);
			defaultConfigurationIsVisible = 0;
			defaultConfigurationName = Release;
		};
/* End XCConfigurationList section */

/* Begin XCVersionGroup section */
		33987D9D1BAF63DD00D728C2 /* imgnow_ios.xcdatamodeld */ = {
			isa = XCVersionGroup;
			children = (
				33987D9E1BAF63DD00D728C2 /* imgnow_ios.xcdatamodel */,
			);
			currentVersion = 33987D9E1BAF63DD00D728C2 /* imgnow_ios.xcdatamodel */;
			path = imgnow_ios.xcdatamodeld;
			sourceTree = "<group>";
			versionGroupType = wrapper.xcdatamodel;
		};
/* End XCVersionGroup section */
	};
	rootObject = 33987D861BAF63DD00D728C2 /* Project object */;
}
